
Microsoft Visual Studio Solution File, Format Version 11.00
# Visual Studio 2010
Project("{8BC9CEB8-8B4A-11D0-8D11-00A0C91BC942}") = "Dat", "Dat.vcxproj", "{F4651318-534D-40F8-817C-FF2906FC739E}"
EndProject
Global
	GlobalSection(SolutionConfigurationPlatforms) = preSolution
		Debug|Win32 = Debug|Win32
		Release|Win32 = Release|Win32
	EndGlobalSection
	GlobalSection(ProjectConfigurationPlatforms) = postSolution
		{F4651318-534D-40F8-817C-FF2906FC739E}.Debug|Win32.ActiveCfg = Debug|Win32
		{F4651318-534D-40F8-817C-FF2906FC739E}.Debug|Win32.Build.0 = Debug|Win32
		{F4651318-534D-40F8-817C-FF2906FC739E}.Release|Win32.ActiveCfg = Release|Win32
		{F4651318-534D-40F8-817C-FF2906FC739E}.Release|Win32.Build.0 = Release|Win32
	EndGlobalSection
	GlobalSection(SolutionProperties) = preSolution
		HideSolutionNode = FALSE
	EndGlobalSection
EndGlobal
